// !$*UTF8*$!
{
	archiveVersion = 1;
	classes = {
	};
	objectVersion = 46;
	objects = {

/* Begin PBXBuildFile section */
		12D00B2204374838D3EEA4D5 /* RecipeCard.swift in Sources */ = {isa = PBXBuildFile; fileRef = CC58633C3AA36875CBF3C381 /* RecipeCard.swift */; };
		1D744DDCCD40646557296D0A /* ScrollOffset.swift in Sources */ = {isa = PBXBuildFile; fileRef = BF757E21A4A93C274E40F081 /* ScrollOffset.swift */; };
		2B8BAD04A0C7F95E51668403 /* RecommendedCard.swift in Sources */ = {isa = PBXBuildFile; fileRef = A58CBE9A899BEC24CA2B4C28 /* RecommendedCard.swift */; };
		37D68731CB33FB9159F22D42 /* SelectShoppingListModal.swift in Sources */ = {isa = PBXBuildFile; fileRef = 54357055BA60907204C9BA44 /* SelectShoppingListModal.swift */; };
		488589930B60F24FE8BA5104 /* CircularScoreRing.swift in Sources */ = {isa = PBXBuildFile; fileRef = 419B93761942E61FE3C2FF3D /* CircularScoreRing.swift */; };
		4B66528BA173D2C591599898 /* ReceiptsScreen.swift in Sources */ = {isa = PBXBuildFile; fileRef = 6BAC793DCFBCBC94935EB864 /* ReceiptsScreen.swift */; };
		5A4F55B6FB12D8ED73066D30 /* SwapComparisonCard.swift in Sources */ = {isa = PBXBuildFile; fileRef = 9AFCEC2975517F9721FE11CE /* SwapComparisonCard.swift */; };
		5C0C41DCDBD12B7886BD8CA5 /* Colors.swift in Sources */ = {isa = PBXBuildFile; fileRef = D487AD6D8E09670DE8366065 /* Colors.swift */; };
		60B02D578AFF25FB226C204F /* ReceiptItemList.swift in Sources */ = {isa = PBXBuildFile; fileRef = BC454909E8E59C49D41AF630 /* ReceiptItemList.swift */; };
		6887685F0F149A95C7CA0831 /* SearchModal.swift in Sources */ = {isa = PBXBuildFile; fileRef = EDF4D8C7FB660A3B6F62A8FD /* SearchModal.swift */; };
		6C9F28B672494DE2F3C472FE /* CoverFlowCarousel.swift in Sources */ = {isa = PBXBuildFile; fileRef = 5002F5C83BF6046BFEEF77A9 /* CoverFlowCarousel.swift */; };
		76C816CDC17A656A1A92BE41 /* FoodIcon.swift in Sources */ = {isa = PBXBuildFile; fileRef = 5BFD4691E3B49A4A4ADDD3BD /* FoodIcon.swift */; };
		7A2AC7EFF3F240A8962FAEAC /* SmartSwapsKit in Frameworks */ = {isa = PBXBuildFile; productRef = FCC9948725158AD4E436D771 /* SmartSwapsKit */; };
		881F4686BDA137942F38E475 /* RecipeSearchModal.swift in Sources */ = {isa = PBXBuildFile; fileRef = 431965A6DE65A5132BCD04C0 /* RecipeSearchModal.swift */; };
		8AE8486B7BD5A69DAFEFA35D /* SmartSwapsApp.swift in Sources */ = {isa = PBXBuildFile; fileRef = BBA9B0CCAEED94527F413698 /* SmartSwapsApp.swift */; };
		905C570F3E06B1E4135C593A /* Foundation.framework in Frameworks */ = {isa = PBXBuildFile; fileRef = 26B605E3CEEE372AB46B9F1E /* Foundation.framework */; };
		A028CE9EDA8CF32ED31E7A44 /* SearchScreen.swift in Sources */ = {isa = PBXBuildFile; fileRef = F642484F6E560E72B4B601C0 /* SearchScreen.swift */; };
		A4F5AF38CAADC24C7CB0F954 /* FoodsStore.swift in Sources */ = {isa = PBXBuildFile; fileRef = 762B949C7A3BEC9679660861 /* FoodsStore.swift */; };
		ABDFDE11AFFBA30167FE08FC /* HealthPointsCard.swift in Sources */ = {isa = PBXBuildFile; fileRef = A0BD83890B5F923E635F8279 /* HealthPointsCard.swift */; };
		BA1160DAD80B03F0728B0A8D /* RecipeStore.swift in Sources */ = {isa = PBXBuildFile; fileRef = 45E8E90A5B945B45D91EA5A6 /* RecipeStore.swift */; };
		BAE11387235B007DBBD6FC8A /* RecipesScreen.swift in Sources */ = {isa = PBXBuildFile; fileRef = 2FB920D0B7F97C3D7BA35256 /* RecipesScreen.swift */; };
		BFFED35D3468498C80A654DD /* NutrientRow.swift in Sources */ = {isa = PBXBuildFile; fileRef = C9BF1F8CC2067AC5F2892D52 /* NutrientRow.swift */; };
		C23346FC9E8ACE029CA2CE39 /* ProfileStore.swift in Sources */ = {isa = PBXBuildFile; fileRef = E797E9F44B1B30E0FFEF90C6 /* ProfileStore.swift */; };
		C563793B41767E5C4186B310 /* RootView.swift in Sources */ = {isa = PBXBuildFile; fileRef = 1B15654148BB46F4E2F62A46 /* RootView.swift */; };
		C800A9671F74CCBA1292BA73 /* SpotlightCard.swift in Sources */ = {isa = PBXBuildFile; fileRef = 7C1BA3B9974689243EC1C940 /* SpotlightCard.swift */; };
		CBC3274CCB62C9C85568D6D2 /* GlassHeader.swift in Sources */ = {isa = PBXBuildFile; fileRef = 11DB018C17D9EBEF7195A58B /* GlassHeader.swift */; };
		CFA24C45E92BF86B35BA561C /* LiquidSlider.swift in Sources */ = {isa = PBXBuildFile; fileRef = DF2CF6DA140A2A3EC71301B0 /* LiquidSlider.swift */; };
		D9984BC40CB3B13BCB1B99BD /* InventoryStore.swift in Sources */ = {isa = PBXBuildFile; fileRef = 087FE332E6C31297F3B01129 /* InventoryStore.swift */; };
		DA2AF7C4D6718C66DF88913B /* NutritionModal.swift in Sources */ = {isa = PBXBuildFile; fileRef = D2635BD34A0D452E4B5766A2 /* NutritionModal.swift */; };
		DC7BCAE277010236FE2B7147 /* FavoritesStore.swift in Sources */ = {isa = PBXBuildFile; fileRef = C0FBC4730CB3A04DC5B38625 /* FavoritesStore.swift */; };
		DE780FDCCB774C564E51F485 /* Typography.swift in Sources */ = {isa = PBXBuildFile; fileRef = 0B45E3FD5F3BA005EC0B97E7 /* Typography.swift */; };
		E7031B28080199BACE5184F1 /* HomeScreen.swift in Sources */ = {isa = PBXBuildFile; fileRef = D10E2FE3E82B4768A688EBD2 /* HomeScreen.swift */; };
		F57E6445958B5AC80CDB0E48 /* GlobalStyles.swift in Sources */ = {isa = PBXBuildFile; fileRef = EDCA7C1E7AF264FA98A8689D /* GlobalStyles.swift */; };
/* End PBXBuildFile section */

/* Begin PBXFileReference section */
		087FE332E6C31297F3B01129 /* InventoryStore.swift */ = {isa = PBXFileReference; includeInIndex = 1; lastKnownFileType = sourcecode.swift; path = InventoryStore.swift; sourceTree = "<group>"; };
		0B45E3FD5F3BA005EC0B97E7 /* Typography.swift */ = {isa = PBXFileReference; includeInIndex = 1; lastKnownFileType = sourcecode.swift; path = Typography.swift; sourceTree = "<group>"; };
		11DB018C17D9EBEF7195A58B /* GlassHeader.swift */ = {isa = PBXFileReference; includeInIndex = 1; lastKnownFileType = sourcecode.swift; path = GlassHeader.swift; sourceTree = "<group>"; };
		1B15654148BB46F4E2F62A46 /* RootView.swift */ = {isa = PBXFileReference; includeInIndex = 1; lastKnownFileType = sourcecode.swift; path = RootView.swift; sourceTree = "<group>"; };
		26B605E3CEEE372AB46B9F1E /* Foundation.framework */ = {isa = PBXFileReference; lastKnownFileType = wrapper.framework; name = Foundation.framework; path = Platforms/iPhoneOS.platform/Developer/SDKs/iPhoneOS26.0.sdk/System/Library/Frameworks/Foundation.framework; sourceTree = DEVELOPER_DIR; };
		2FB920D0B7F97C3D7BA35256 /* RecipesScreen.swift */ = {isa = PBXFileReference; includeInIndex = 1; lastKnownFileType = sourcecode.swift; path = RecipesScreen.swift; sourceTree = "<group>"; };
		419B93761942E61FE3C2FF3D /* CircularScoreRing.swift */ = {isa = PBXFileReference; includeInIndex = 1; lastKnownFileType = sourcecode.swift; path = CircularScoreRing.swift; sourceTree = "<group>"; };
		431965A6DE65A5132BCD04C0 /* RecipeSearchModal.swift */ = {isa = PBXFileReference; includeInIndex = 1; lastKnownFileType = sourcecode.swift; path = RecipeSearchModal.swift; sourceTree = "<group>"; };
		44C35FED23E798448BF142B8 /* Info.plist */ = {isa = PBXFileReference; includeInIndex = 1; lastKnownFileType = text.plist.xml; path = Info.plist; sourceTree = "<group>"; };
		45E8E90A5B945B45D91EA5A6 /* RecipeStore.swift */ = {isa = PBXFileReference; includeInIndex = 1; lastKnownFileType = sourcecode.swift; path = RecipeStore.swift; sourceTree = "<group>"; };
		5002F5C83BF6046BFEEF77A9 /* CoverFlowCarousel.swift */ = {isa = PBXFileReference; includeInIndex = 1; lastKnownFileType = sourcecode.swift; path = CoverFlowCarousel.swift; sourceTree = "<group>"; };
		54357055BA60907204C9BA44 /* SelectShoppingListModal.swift */ = {isa = PBXFileReference; includeInIndex = 1; lastKnownFileType = sourcecode.swift; path = SelectShoppingListModal.swift; sourceTree = "<group>"; };
		5BFD4691E3B49A4A4ADDD3BD /* FoodIcon.swift */ = {isa = PBXFileReference; includeInIndex = 1; lastKnownFileType = sourcecode.swift; path = FoodIcon.swift; sourceTree = "<group>"; };
		6BAC793DCFBCBC94935EB864 /* ReceiptsScreen.swift */ = {isa = PBXFileReference; includeInIndex = 1; lastKnownFileType = sourcecode.swift; path = ReceiptsScreen.swift; sourceTree = "<group>"; };
		762B949C7A3BEC9679660861 /* FoodsStore.swift */ = {isa = PBXFileReference; includeInIndex = 1; lastKnownFileType = sourcecode.swift; path = FoodsStore.swift; sourceTree = "<group>"; };
		7C1BA3B9974689243EC1C940 /* SpotlightCard.swift */ = {isa = PBXFileReference; includeInIndex = 1; lastKnownFileType = sourcecode.swift; path = SpotlightCard.swift; sourceTree = "<group>"; };
		90967EA6D880B991B1BBFA86 /* SmartSwaps.app */ = {isa = PBXFileReference; explicitFileType = wrapper.application; includeInIndex = 0; path = SmartSwaps.app; sourceTree = BUILT_PRODUCTS_DIR; };
		9AFCEC2975517F9721FE11CE /* SwapComparisonCard.swift */ = {isa = PBXFileReference; includeInIndex = 1; lastKnownFileType = sourcecode.swift; path = SwapComparisonCard.swift; sourceTree = "<group>"; };
		A0BD83890B5F923E635F8279 /* HealthPointsCard.swift */ = {isa = PBXFileReference; includeInIndex = 1; lastKnownFileType = sourcecode.swift; path = HealthPointsCard.swift; sourceTree = "<group>"; };
		A58CBE9A899BEC24CA2B4C28 /* RecommendedCard.swift */ = {isa = PBXFileReference; includeInIndex = 1; lastKnownFileType = sourcecode.swift; path = RecommendedCard.swift; sourceTree = "<group>"; };
		BBA9B0CCAEED94527F413698 /* SmartSwapsApp.swift */ = {isa = PBXFileReference; includeInIndex = 1; lastKnownFileType = sourcecode.swift; path = SmartSwapsApp.swift; sourceTree = "<group>"; };
		BC454909E8E59C49D41AF630 /* ReceiptItemList.swift */ = {isa = PBXFileReference; includeInIndex = 1; lastKnownFileType = sourcecode.swift; path = ReceiptItemList.swift; sourceTree = "<group>"; };
		BF757E21A4A93C274E40F081 /* ScrollOffset.swift */ = {isa = PBXFileReference; includeInIndex = 1; lastKnownFileType = sourcecode.swift; path = ScrollOffset.swift; sourceTree = "<group>"; };
		C0FBC4730CB3A04DC5B38625 /* FavoritesStore.swift */ = {isa = PBXFileReference; includeInIndex = 1; lastKnownFileType = sourcecode.swift; path = FavoritesStore.swift; sourceTree = "<group>"; };
		C9BF1F8CC2067AC5F2892D52 /* NutrientRow.swift */ = {isa = PBXFileReference; includeInIndex = 1; lastKnownFileType = sourcecode.swift; path = NutrientRow.swift; sourceTree = "<group>"; };
		CC58633C3AA36875CBF3C381 /* RecipeCard.swift */ = {isa = PBXFileReference; includeInIndex = 1; lastKnownFileType = sourcecode.swift; path = RecipeCard.swift; sourceTree = "<group>"; };
		D10E2FE3E82B4768A688EBD2 /* HomeScreen.swift */ = {isa = PBXFileReference; includeInIndex = 1; lastKnownFileType = sourcecode.swift; path = HomeScreen.swift; sourceTree = "<group>"; };
		D2635BD34A0D452E4B5766A2 /* NutritionModal.swift */ = {isa = PBXFileReference; includeInIndex = 1; lastKnownFileType = sourcecode.swift; path = NutritionModal.swift; sourceTree = "<group>"; };
		D487AD6D8E09670DE8366065 /* Colors.swift */ = {isa = PBXFileReference; includeInIndex = 1; lastKnownFileType = sourcecode.swift; path = Colors.swift; sourceTree = "<group>"; };
		DF2CF6DA140A2A3EC71301B0 /* LiquidSlider.swift */ = {isa = PBXFileReference; includeInIndex = 1; lastKnownFileType = sourcecode.swift; path = LiquidSlider.swift; sourceTree = "<group>"; };
		E797E9F44B1B30E0FFEF90C6 /* ProfileStore.swift */ = {isa = PBXFileReference; includeInIndex = 1; lastKnownFileType = sourcecode.swift; path = ProfileStore.swift; sourceTree = "<group>"; };
		EDCA7C1E7AF264FA98A8689D /* GlobalStyles.swift */ = {isa = PBXFileReference; includeInIndex = 1; lastKnownFileType = sourcecode.swift; path = GlobalStyles.swift; sourceTree = "<group>"; };
		EDF4D8C7FB660A3B6F62A8FD /* SearchModal.swift */ = {isa = PBXFileReference; includeInIndex = 1; lastKnownFileType = sourcecode.swift; path = SearchModal.swift; sourceTree = "<group>"; };
		F642484F6E560E72B4B601C0 /* SearchScreen.swift */ = {isa = PBXFileReference; includeInIndex = 1; lastKnownFileType = sourcecode.swift; path = SearchScreen.swift; sourceTree = "<group>"; };
/* End PBXFileReference section */

/* Begin PBXFrameworksBuildPhase section */
		0315BE9EACAA1265F68DF9DE /* Frameworks */ = {
			isa = PBXFrameworksBuildPhase;
			buildActionMask = 2147483647;
			files = (
				905C570F3E06B1E4135C593A /* Foundation.framework in Frameworks */,
				7A2AC7EFF3F240A8962FAEAC /* SmartSwapsKit in Frameworks */,
			);
			runOnlyForDeploymentPostprocessing = 0;
		};
/* End PBXFrameworksBuildPhase section */

/* Begin PBXGroup section */
		2CB3D32CA1D1BAC6B883F887 /* SmartSwaps */ = {
			isa = PBXGroup;
			children = (
				949BC40573A7CAC7AE1BD4F5 /* App */,
				A422B38F4108B6E7D313447A /* DesignSystem */,
				EC9DA1BF2576418E4263BFD8 /* Screens */,
				9794DE930671A5149D716CB7 /* State */,
				393EC5BC5BED085B0597691B /* Components */,
				A03C97C49A473920CD2F55A0 /* Resources */,
			);
			name = SmartSwaps;
			path = SmartSwaps;
			sourceTree = "<group>";
		};
		393EC5BC5BED085B0597691B /* Components */ = {
			isa = PBXGroup;
			children = (
				419B93761942E61FE3C2FF3D /* CircularScoreRing.swift */,
				5002F5C83BF6046BFEEF77A9 /* CoverFlowCarousel.swift */,
				5BFD4691E3B49A4A4ADDD3BD /* FoodIcon.swift */,
				11DB018C17D9EBEF7195A58B /* GlassHeader.swift */,
				A0BD83890B5F923E635F8279 /* HealthPointsCard.swift */,
				DF2CF6DA140A2A3EC71301B0 /* LiquidSlider.swift */,
				C9BF1F8CC2067AC5F2892D52 /* NutrientRow.swift */,
				D2635BD34A0D452E4B5766A2 /* NutritionModal.swift */,
				BC454909E8E59C49D41AF630 /* ReceiptItemList.swift */,
				CC58633C3AA36875CBF3C381 /* RecipeCard.swift */,
				431965A6DE65A5132BCD04C0 /* RecipeSearchModal.swift */,
				A58CBE9A899BEC24CA2B4C28 /* RecommendedCard.swift */,
				EDF4D8C7FB660A3B6F62A8FD /* SearchModal.swift */,
				54357055BA60907204C9BA44 /* SelectShoppingListModal.swift */,
				7C1BA3B9974689243EC1C940 /* SpotlightCard.swift */,
				9AFCEC2975517F9721FE11CE /* SwapComparisonCard.swift */,
			);
			name = Components;
			path = Components;
			sourceTree = "<group>";
		};
		7660D88BF61A9DF84DC87929 /* Products */ = {
			isa = PBXGroup;
			children = (
				90967EA6D880B991B1BBFA86 /* SmartSwaps.app */,
			);
			name = Products;
			sourceTree = "<group>";
		};
		949BC40573A7CAC7AE1BD4F5 /* App */ = {
			isa = PBXGroup;
			children = (
				1B15654148BB46F4E2F62A46 /* RootView.swift */,
				BBA9B0CCAEED94527F413698 /* SmartSwapsApp.swift */,
			);
			name = App;
			path = App;
			sourceTree = "<group>";
		};
		9794DE930671A5149D716CB7 /* State */ = {
			isa = PBXGroup;
			children = (
				C0FBC4730CB3A04DC5B38625 /* FavoritesStore.swift */,
				762B949C7A3BEC9679660861 /* FoodsStore.swift */,
				087FE332E6C31297F3B01129 /* InventoryStore.swift */,
				E797E9F44B1B30E0FFEF90C6 /* ProfileStore.swift */,
				45E8E90A5B945B45D91EA5A6 /* RecipeStore.swift */,
			);
			name = State;
			path = State;
			sourceTree = "<group>";
		};
		9D82AB0375E9B25E889AFEB6 /* iOS */ = {
			isa = PBXGroup;
			children = (
				26B605E3CEEE372AB46B9F1E /* Foundation.framework */,
			);
			name = iOS;
			sourceTree = "<group>";
		};
		A03C97C49A473920CD2F55A0 /* Resources */ = {
			isa = PBXGroup;
			children = (
				44C35FED23E798448BF142B8 /* Info.plist */,
			);
			name = Resources;
			path = Resources;
			sourceTree = "<group>";
		};
		A422B38F4108B6E7D313447A /* DesignSystem */ = {
			isa = PBXGroup;
			children = (
				D487AD6D8E09670DE8366065 /* Colors.swift */,
				EDCA7C1E7AF264FA98A8689D /* GlobalStyles.swift */,
				BF757E21A4A93C274E40F081 /* ScrollOffset.swift */,
				0B45E3FD5F3BA005EC0B97E7 /* Typography.swift */,
			);
			name = DesignSystem;
			path = DesignSystem;
			sourceTree = "<group>";
		};
		B8EA50C40B778DDCC27747AB /* Frameworks */ = {
			isa = PBXGroup;
			children = (
				9D82AB0375E9B25E889AFEB6 /* iOS */,
			);
			name = Frameworks;
			sourceTree = "<group>";
		};
		D425B813645116053620D00D = {
			isa = PBXGroup;
			children = (
				7660D88BF61A9DF84DC87929 /* Products */,
				B8EA50C40B778DDCC27747AB /* Frameworks */,
				2CB3D32CA1D1BAC6B883F887 /* SmartSwaps */,
			);
			sourceTree = "<group>";
		};
		EC9DA1BF2576418E4263BFD8 /* Screens */ = {
			isa = PBXGroup;
			children = (
				D10E2FE3E82B4768A688EBD2 /* HomeScreen.swift */,
				6BAC793DCFBCBC94935EB864 /* ReceiptsScreen.swift */,
				2FB920D0B7F97C3D7BA35256 /* RecipesScreen.swift */,
				F642484F6E560E72B4B601C0 /* SearchScreen.swift */,
			);
			name = Screens;
			path = Screens;
			sourceTree = "<group>";
		};
/* End PBXGroup section */

/* Begin PBXNativeTarget section */
		F8784D01C7E273DE742097A0 /* SmartSwaps */ = {
			isa = PBXNativeTarget;
			buildConfigurationList = B0C253CF368368C9E4458060 /* Build configuration list for PBXNativeTarget "SmartSwaps" */;
			buildPhases = (
				FE139988DC923B9BC4C30944 /* Sources */,
				0315BE9EACAA1265F68DF9DE /* Frameworks */,
				F38609463F9C56C3C2414EDD /* Resources */,
			);
			buildRules = (
			);
			dependencies = (
			);
			name = SmartSwaps;
			packageProductDependencies = (
				FCC9948725158AD4E436D771 /* SmartSwapsKit */,
			);
			productName = SmartSwaps;
			productReference = 90967EA6D880B991B1BBFA86 /* SmartSwaps.app */;
			productType = "com.apple.product-type.application";
		};
/* End PBXNativeTarget section */

/* Begin PBXProject section */
		E4554694B8217C64E9DB3B22 /* Project object */ = {
			isa = PBXProject;
			attributes = {
				LastSwiftUpdateCheck = 1600;
				LastUpgradeCheck = 1600;
			};
			buildConfigurationList = A7FD53725604C605FBB83B0F /* Build configuration list for PBXProject "SmartSwaps" */;
			compatibilityVersion = "Xcode 3.2";
			developmentRegion = en;
			hasScannedForEncodings = 0;
			knownRegions = (
				en,
				Base,
			);
			mainGroup = D425B813645116053620D00D;
			minimizedProjectReferenceProxies = 0;
			packageReferences = (
				C498E57EB34B68660080305E /* XCLocalSwiftPackageReference ".." */,
			);
			preferredProjectObjectVersion = 100;
			productRefGroup = 7660D88BF61A9DF84DC87929 /* Products */;
			projectDirPath = "";
			projectRoot = "";
			targets = (
				F8784D01C7E273DE742097A0 /* SmartSwaps */,
			);
		};
/* End PBXProject section */

/* Begin PBXResourcesBuildPhase section */
		F38609463F9C56C3C2414EDD /* Resources */ = {
			isa = PBXResourcesBuildPhase;
			buildActionMask = 2147483647;
			files = (
			);
			runOnlyForDeploymentPostprocessing = 0;
		};
/* End PBXResourcesBuildPhase section */

/* Begin PBXSourcesBuildPhase section */
		FE139988DC923B9BC4C30944 /* Sources */ = {
			isa = PBXSourcesBuildPhase;
			buildActionMask = 2147483647;
			files = (
				C563793B41767E5C4186B310 /* RootView.swift in Sources */,
				8AE8486B7BD5A69DAFEFA35D /* SmartSwapsApp.swift in Sources */,
				5C0C41DCDBD12B7886BD8CA5 /* Colors.swift in Sources */,
				F57E6445958B5AC80CDB0E48 /* GlobalStyles.swift in Sources */,
				1D744DDCCD40646557296D0A /* ScrollOffset.swift in Sources */,
				DE780FDCCB774C564E51F485 /* Typography.swift in Sources */,
				E7031B28080199BACE5184F1 /* HomeScreen.swift in Sources */,
				4B66528BA173D2C591599898 /* ReceiptsScreen.swift in Sources */,
				BAE11387235B007DBBD6FC8A /* RecipesScreen.swift in Sources */,
				A028CE9EDA8CF32ED31E7A44 /* SearchScreen.swift in Sources */,
				DC7BCAE277010236FE2B7147 /* FavoritesStore.swift in Sources */,
				A4F5AF38CAADC24C7CB0F954 /* FoodsStore.swift in Sources */,
				D9984BC40CB3B13BCB1B99BD /* InventoryStore.swift in Sources */,
				C23346FC9E8ACE029CA2CE39 /* ProfileStore.swift in Sources */,
				BA1160DAD80B03F0728B0A8D /* RecipeStore.swift in Sources */,
				488589930B60F24FE8BA5104 /* CircularScoreRing.swift in Sources */,
				6C9F28B672494DE2F3C472FE /* CoverFlowCarousel.swift in Sources */,
				76C816CDC17A656A1A92BE41 /* FoodIcon.swift in Sources */,
				CBC3274CCB62C9C85568D6D2 /* GlassHeader.swift in Sources */,
				ABDFDE11AFFBA30167FE08FC /* HealthPointsCard.swift in Sources */,
				CFA24C45E92BF86B35BA561C /* LiquidSlider.swift in Sources */,
				BFFED35D3468498C80A654DD /* NutrientRow.swift in Sources */,
				DA2AF7C4D6718C66DF88913B /* NutritionModal.swift in Sources */,
				60B02D578AFF25FB226C204F /* ReceiptItemList.swift in Sources */,
				12D00B2204374838D3EEA4D5 /* RecipeCard.swift in Sources */,
				881F4686BDA137942F38E475 /* RecipeSearchModal.swift in Sources */,
				2B8BAD04A0C7F95E51668403 /* RecommendedCard.swift in Sources */,
				6887685F0F149A95C7CA0831 /* SearchModal.swift in Sources */,
				37D68731CB33FB9159F22D42 /* SelectShoppingListModal.swift in Sources */,
				C800A9671F74CCBA1292BA73 /* SpotlightCard.swift in Sources */,
				5A4F55B6FB12D8ED73066D30 /* SwapComparisonCard.swift in Sources */,
			);
			runOnlyForDeploymentPostprocessing = 0;
		};
/* End PBXSourcesBuildPhase section */

/* Begin XCBuildConfiguration section */
		082CA05467A233E31E47CFEE /* Debug */ = {
			isa = XCBuildConfiguration;
			buildSettings = {
				ALWAYS_SEARCH_USER_PATHS = NO;
				CLANG_ANALYZER_NONNULL = YES;
				CLANG_ANALYZER_NUMBER_OBJECT_CONVERSION = YES_AGGRESSIVE;
				CLANG_CXX_LANGUAGE_STANDARD = "gnu++14";
				CLANG_CXX_LIBRARY = "libc++";
				CLANG_ENABLE_MODULES = YES;
				CLANG_ENABLE_OBJC_ARC = YES;
				CLANG_ENABLE_OBJC_WEAK = YES;
				CLANG_WARN_BLOCK_CAPTURE_AUTORELEASING = YES;
				CLANG_WARN_BOOL_CONVERSION = YES;
				CLANG_WARN_COMMA = YES;
				CLANG_WARN_CONSTANT_CONVERSION = YES;
				CLANG_WARN_DEPRECATED_OBJC_IMPLEMENTATIONS = YES;
				CLANG_WARN_DIRECT_OBJC_ISA_USAGE = YES_ERROR;
				CLANG_WARN_DOCUMENTATION_COMMENTS = YES;
				CLANG_WARN_EMPTY_BODY = YES;
				CLANG_WARN_ENUM_CONVERSION = YES;
				CLANG_WARN_INFINITE_RECURSION = YES;
				CLANG_WARN_INT_CONVERSION = YES;
				CLANG_WARN_NON_LITERAL_NULL_CONVERSION = YES;
				CLANG_WARN_OBJC_IMPLICIT_RETAIN_SELF = YES;
				CLANG_WARN_OBJC_LITERAL_CONVERSION = YES;
				CLANG_WARN_OBJC_ROOT_CLASS = YES_ERROR;
				CLANG_WARN_QUOTED_INCLUDE_IN_FRAMEWORK_HEADER = YES;
				CLANG_WARN_RANGE_LOOP_ANALYSIS = YES;
				CLANG_WARN_STRICT_PROTOTYPES = YES;
				CLANG_WARN_SUSPICIOUS_MOVE = YES;
				CLANG_WARN_UNGUARDED_AVAILABILITY = YES_AGGRESSIVE;
				CLANG_WARN_UNREACHABLE_CODE = YES;
				CLANG_WARN__DUPLICATE_METHOD_MATCH = YES;
				COPY_PHASE_STRIP = NO;
				DEBUG_INFORMATION_FORMAT = dwarf;
				ENABLE_STRICT_OBJC_MSGSEND = YES;
				ENABLE_TESTABILITY = YES;
				GCC_C_LANGUAGE_STANDARD = gnu11;
				GCC_DYNAMIC_NO_PIC = NO;
				GCC_NO_COMMON_BLOCKS = YES;
				GCC_OPTIMIZATION_LEVEL = 0;
				GCC_PREPROCESSOR_DEFINITIONS = (
					"DEBUG=1",
					"$(inherited)",
				);
				GCC_WARN_64_TO_32_BIT_CONVERSION = YES;
				GCC_WARN_ABOUT_RETURN_TYPE = YES_ERROR;
				GCC_WARN_UNDECLARED_SELECTOR = YES;
				GCC_WARN_UNINITIALIZED_AUTOS = YES_AGGRESSIVE;
				GCC_WARN_UNUSED_FUNCTION = YES;
				GCC_WARN_UNUSED_VARIABLE = YES;
				MTL_ENABLE_DEBUG_INFO = INCLUDE_SOURCE;
				MTL_FAST_MATH = YES;
				ONLY_ACTIVE_ARCH = YES;
				PRODUCT_NAME = "$(TARGET_NAME)";
				SWIFT_ACTIVE_COMPILATION_CONDITIONS = DEBUG;
				SWIFT_OPTIMIZATION_LEVEL = "-Onone";
				SWIFT_VERSION = 5.0;
			};
			name = Debug;
		};
		8C3814F873FFEB9CA2960B11 /* Debug */ = {
			isa = XCBuildConfiguration;
			buildSettings = {
				ASSETCATALOG_COMPILER_APPICON_NAME = "";
				ASSETCATALOG_COMPILER_GLOBAL_ACCENT_COLOR_NAME = AccentColor;
				CLANG_ENABLE_OBJC_WEAK = NO;
				ENABLE_PREVIEWS = YES;
				GENERATE_INFOPLIST_FILE = NO;
				INFOPLIST_FILE = SmartSwaps/Resources/Info.plist;
				IPHONEOS_DEPLOYMENT_TARGET = 16.4;
				LD_RUNPATH_SEARCH_PATHS = "$(inherited) @executable_path/Frameworks";
				PRODUCT_BUNDLE_IDENTIFIER = com.anonymous.smartswapsmobile;
				SDKROOT = iphoneos;
				SWIFT_VERSION = 5.9;
				TARGETED_DEVICE_FAMILY = "1,2";
			};
			name = Debug;
		};
		92F2A9D3CABF8AC5A4C52EA0 /* Release */ = {
			isa = XCBuildConfiguration;
			buildSettings = {
				ALWAYS_SEARCH_USER_PATHS = NO;
				CLANG_ANALYZER_NONNULL = YES;
				CLANG_ANALYZER_NUMBER_OBJECT_CONVERSION = YES_AGGRESSIVE;
				CLANG_CXX_LANGUAGE_STANDARD = "gnu++14";
				CLANG_CXX_LIBRARY = "libc++";
				CLANG_ENABLE_MODULES = YES;
				CLANG_ENABLE_OBJC_ARC = YES;
				CLANG_ENABLE_OBJC_WEAK = YES;
				CLANG_WARN_BLOCK_CAPTURE_AUTORELEASING = YES;
				CLANG_WARN_BOOL_CONVERSION = YES;
				CLANG_WARN_COMMA = YES;
				CLANG_WARN_CONSTANT_CONVERSION = YES;
				CLANG_WARN_DEPRECATED_OBJC_IMPLEMENTATIONS = YES;
				CLANG_WARN_DIRECT_OBJC_ISA_USAGE = YES_ERROR;
				CLANG_WARN_DOCUMENTATION_COMMENTS = YES;
				CLANG_WARN_EMPTY_BODY = YES;
				CLANG_WARN_ENUM_CONVERSION = YES;
				CLANG_WARN_INFINITE_RECURSION = YES;
				CLANG_WARN_INT_CONVERSION = YES;
				CLANG_WARN_NON_LITERAL_NULL_CONVERSION = YES;
				CLANG_WARN_OBJC_IMPLICIT_RETAIN_SELF = YES;
				CLANG_WARN_OBJC_LITERAL_CONVERSION = YES;
				CLANG_WARN_OBJC_ROOT_CLASS = YES_ERROR;
				CLANG_WARN_QUOTED_INCLUDE_IN_FRAMEWORK_HEADER = YES;
				CLANG_WARN_RANGE_LOOP_ANALYSIS = YES;
				CLANG_WARN_STRICT_PROTOTYPES = YES;
				CLANG_WARN_SUSPICIOUS_MOVE = YES;
				CLANG_WARN_UNGUARDED_AVAILABILITY = YES_AGGRESSIVE;
				CLANG_WARN_UNREACHABLE_CODE = YES;
				CLANG_WARN__DUPLICATE_METHOD_MATCH = YES;
				COPY_PHASE_STRIP = NO;
				DEBUG_INFORMATION_FORMAT = "dwarf-with-dsym";
				ENABLE_NS_ASSERTIONS = NO;
				ENABLE_STRICT_OBJC_MSGSEND = YES;
				GCC_C_LANGUAGE_STANDARD = gnu11;
				GCC_NO_COMMON_BLOCKS = YES;
				GCC_WARN_64_TO_32_BIT_CONVERSION = YES;
				GCC_WARN_ABOUT_RETURN_TYPE = YES_ERROR;
				GCC_WARN_UNDECLARED_SELECTOR = YES;
				GCC_WARN_UNINITIALIZED_AUTOS = YES_AGGRESSIVE;
				GCC_WARN_UNUSED_FUNCTION = YES;
				GCC_WARN_UNUSED_VARIABLE = YES;
				MTL_ENABLE_DEBUG_INFO = NO;
				MTL_FAST_MATH = YES;
				PRODUCT_NAME = "$(TARGET_NAME)";
				SWIFT_COMPILATION_MODE = wholemodule;
				SWIFT_OPTIMIZATION_LEVEL = "-O";
				SWIFT_VERSION = 5.0;
			};
			name = Release;
		};
		BCB2F6EE4CB6BDF747A19DD7 /* Release */ = {
			isa = XCBuildConfiguration;
			buildSettings = {
				ASSETCATALOG_COMPILER_APPICON_NAME = "";
				ASSETCATALOG_COMPILER_GLOBAL_ACCENT_COLOR_NAME = AccentColor;
				CLANG_ENABLE_OBJC_WEAK = NO;
				ENABLE_PREVIEWS = YES;
				GENERATE_INFOPLIST_FILE = NO;
				INFOPLIST_FILE = SmartSwaps/Resources/Info.plist;
				IPHONEOS_DEPLOYMENT_TARGET = 16.4;
				LD_RUNPATH_SEARCH_PATHS = "$(inherited) @executable_path/Frameworks";
				PRODUCT_BUNDLE_IDENTIFIER = com.anonymous.smartswapsmobile;
				SDKROOT = iphoneos;
				SWIFT_VERSION = 5.9;
				TARGETED_DEVICE_FAMILY = "1,2";
				VALIDATE_PRODUCT = YES;
			};
			name = Release;
		};
/* End XCBuildConfiguration section */

/* Begin XCConfigurationList section */
		A7FD53725604C605FBB83B0F /* Build configuration list for PBXProject "SmartSwaps" */ = {
			isa = XCConfigurationList;
			buildConfigurations = (
				082CA05467A233E31E47CFEE /* Debug */,
				92F2A9D3CABF8AC5A4C52EA0 /* Release */,
			);
			defaultConfigurationIsVisible = 0;
			defaultConfigurationName = Release;
		};
		B0C253CF368368C9E4458060 /* Build configuration list for PBXNativeTarget "SmartSwaps" */ = {
			isa = XCConfigurationList;
			buildConfigurations = (
				BCB2F6EE4CB6BDF747A19DD7 /* Release */,
				8C3814F873FFEB9CA2960B11 /* Debug */,
			);
			defaultConfigurationIsVisible = 0;
			defaultConfigurationName = Release;
		};
/* End XCConfigurationList section */

/* Begin XCLocalSwiftPackageReference section */
		C498E57EB34B68660080305E /* XCLocalSwiftPackageReference ".." */ = {
			isa = XCLocalSwiftPackageReference;
			relativePath = ..;
		};
/* End XCLocalSwiftPackageReference section */

/* Begin XCSwiftPackageProductDependency section */
		FCC9948725158AD4E436D771 /* SmartSwapsKit */ = {
			isa = XCSwiftPackageProductDependency;
			package = C498E57EB34B68660080305E /* XCLocalSwiftPackageReference ".." */;
			productName = SmartSwapsKit;
		};
/* End XCSwiftPackageProductDependency section */
	};
	rootObject = E4554694B8217C64E9DB3B22 /* Project object */;
}
